
Microsoft Visual Studio Solution File, Format Version 12.00
# Visual Studio 15
Project("{FAE04EC0-301F-11D3-BF4B-00C04F79EFBC}") = "TrialTrigger", "TrialTrigger\TrialTrigger.csproj", "{9B758FAE-85E3-449D-A887-F36A66F16433}"
EndProject
Global
	GlobalSection(SolutionConfigurationPlatforms) = preSolution
		Debug|anycpu = Debug|anycpu
		Release|anycpu = Release|anycpu
	EndGlobalSection
	GlobalSection(ProjectConfigurationPlatforms) = postSolution
		{9B758FAE-85E3-449D-A887-F36A66F16433}.Debug|anycpu.ActiveCfg = Debug|anycpu
		{9B758FAE-85E3-449D-A887-F36A66F16433}.Debug|anycpu.Build.0 = Debug|anycpu
		{9B758FAE-85E3-449D-A887-F36A66F16433}.Release|anycpu.ActiveCfg = Release|anycpu
		{9B758FAE-85E3-449D-A887-F36A66F16433}.Release|anycpu.Build.0 = Release|anycpu
	EndGlobalSection
EndGlobal
